lockfileVersion: '9.0'

settings:
  autoInstallPeers: true
  excludeLinksFromLockfile: false

importers:

  .:
    dependencies:
      hono:
        specifier: ^4.13.7
        version: 4.13.7

packages:

  hono@4.13.7:
    resolution: {integrity: sha512-c8/gF9ac8Y78/agExVocyLevgR+JlpNB444Py0FSX8pJoPdYUfUzRcXtYEYGwt6l19qIlVZPN5Mfsw9jFShmQQ==}
    engines: {node: '>=16.9.0'}

snapshots:

  hono@4.13.7: {}
